<?xml version="1.0" encoding="utf-8"?>
<Project ToolsVersion="4.0" xmlns="http://schemas.microsoft.com/developer/msbuild/2003">
  <ItemGroup>
    <Filter Include="DotEngine">
      <UniqueIdentifier>{02270EDE-6E91-C254-B7CF-73FA2379A0A9}</UniqueIdentifier>
    </Filter>
    <Filter Include="DotEngine\Events">
      <UniqueIdentifier>{A69CB56D-9295-D4BF-BBC7-B944A71FB4CB}</UniqueIdentifier>
    </Filter>
    <Filter Include="Platform">
      <UniqueIdentifier>{2AC788B4-1694-E3BF-3FAD-D1672BD9184E}</UniqueIdentifier>
    </Filter>
    <Filter Include="Platform\Windows">
      <UniqueIdentifier>{64FBD71A-50F4-F66C-7926-DCF1657ED678}</UniqueIdentifier>
    </Filter>
  </ItemGroup>
  <ItemGroup>
    <ClInclude Include="src\DotEngine.h" />
    <ClInclude Include="src\DotEngine\Application.h">
      <Filter>DotEngine</Filter>
    </ClInclude>
    <ClInclude Include="src\DotEngine\Core.h">
      <Filter>DotEngine</Filter>
    </ClInclude>
    <ClInclude Include="src\DotEngine\EntryPoint.h">
      <Filter>DotEngine</Filter>
    </ClInclude>
    <ClInclude Include="src\DotEngine\Events\ApplicationEvent.h">
      <Filter>DotEngine\Events</Filter>
    </ClInclude>
    <ClInclude Include="src\DotEngine\Events\Event.h">
      <Filter>DotEngine\Events</Filter>
    </ClInclude>
    <ClInclude Include="src\DotEngine\Events\KeyEvent.h">
      <Filter>DotEngine\Events</Filter>
    </ClInclude>
    <ClInclude Include="src\DotEngine\Events\MouseEvent.h">
      <Filter>DotEngine\Events</Filter>
    </ClInclude>
    <ClInclude Include="src\DotEngine\Layer.h">
      <Filter>DotEngine</Filter>
    </ClInclude>
    <ClInclude Include="src\DotEngine\LayerStack.h">
      <Filter>DotEngine</Filter>
    </ClInclude>
    <ClInclude Include="src\DotEngine\Log.h">
      <Filter>DotEngine</Filter>
    </ClInclude>
    <ClInclude Include="src\DotEngine\Window.h">
      <Filter>DotEngine</Filter>
    </ClInclude>
    <ClInclude Include="src\Platform\Windows\WindowsWindow.h">
      <Filter>Platform\Windows</Filter>
    </ClInclude>
    <ClInclude Include="src\dotpch.h" />
  </ItemGroup>
  <ItemGroup>
    <ClCompile Include="src\DotEngine\Application.cpp">
      <Filter>DotEngine</Filter>
    </ClCompile>
    <ClCompile Include="src\DotEngine\Layer.cpp">
      <Filter>DotEngine</Filter>
    </ClCompile>
    <ClCompile Include="src\DotEngine\LayerStack.cpp">
      <Filter>DotEngine</Filter>
    </ClCompile>
    <ClCompile Include="src\DotEngine\Log.cpp">
      <Filter>DotEngine</Filter>
    </ClCompile>
    <ClCompile Include="src\Platform\Windows\WindowsWindow.cpp">
      <Filter>Platform\Windows</Filter>
    </ClCompile>
    <ClCompile Include="src\dotpch.cpp" />
  </ItemGroup>
</Project>